
Microsoft Visual Studio Solution File, Format Version 12.00
# Visual Studio Version 17
VisualStudioVersion = 17.11.35222.181
MinimumVisualStudioVersion = 10.0.40219.1
Project("{FAE04EC0-301F-11D3-BF4B-00C04F79EFBC}") = "Assessment4A", "Assessment4A\Assessment4A.csproj", "{DF098F8B-FEB8-4419-855E-F6DFC638A8AD}"
EndProject
Global
	GlobalSection(SolutionConfigurationPlatforms) = preSolution
		Debug|Any CPU = Debug|Any CPU
		Release|Any CPU = Release|Any CPU
	EndGlobalSection
	GlobalSection(ProjectConfigurationPlatforms) = postSolution
		{DF098F8B-FEB8-4419-855E-F6DFC638A8AD}.Debug|Any CPU.ActiveCfg = Debug|Any CPU
		{DF098F8B-FEB8-4419-855E-F6DFC638A8AD}.Debug|Any CPU.Build.0 = Debug|Any CPU
		{DF098F8B-FEB8-4419-855E-F6DFC638A8AD}.Release|Any CPU.ActiveCfg = Release|Any CPU
		{DF098F8B-FEB8-4419-855E-F6DFC638A8AD}.Release|Any CPU.Build.0 = Release|Any CPU
	EndGlobalSection
	GlobalSection(SolutionProperties) = preSolution
		HideSolutionNode = FALSE
	EndGlobalSection
	GlobalSection(ExtensibilityGlobals) = postSolution
		SolutionGuid = {E8C08795-AA5E-4652-8ACC-23BE95624170}
	EndGlobalSection
EndGlobal
