
Microsoft Visual Studio Solution File, Format Version 12.00
# Visual Studio Version 17
VisualStudioVersion = 17.11.35222.181
MinimumVisualStudioVersion = 10.0.40219.1
Project("{FAE04EC0-301F-11D3-BF4B-00C04F79EFBC}") = "Assessment3a", "Assessment3a\Assessment3a.csproj", "{132B3683-AF90-4802-96F9-1F9CB93AE56B}"
EndProject
Global
	GlobalSection(SolutionConfigurationPlatforms) = preSolution
		Debug|Any CPU = Debug|Any CPU
		Release|Any CPU = Release|Any CPU
	EndGlobalSection
	GlobalSection(ProjectConfigurationPlatforms) = postSolution
		{132B3683-AF90-4802-96F9-1F9CB93AE56B}.Debug|Any CPU.ActiveCfg = Debug|Any CPU
		{132B3683-AF90-4802-96F9-1F9CB93AE56B}.Debug|Any CPU.Build.0 = Debug|Any CPU
		{132B3683-AF90-4802-96F9-1F9CB93AE56B}.Release|Any CPU.ActiveCfg = Release|Any CPU
		{132B3683-AF90-4802-96F9-1F9CB93AE56B}.Release|Any CPU.Build.0 = Release|Any CPU
	EndGlobalSection
	GlobalSection(SolutionProperties) = preSolution
		HideSolutionNode = FALSE
	EndGlobalSection
	GlobalSection(ExtensibilityGlobals) = postSolution
		SolutionGuid = {8508F452-785E-4D9A-9F10-BFE424BB4A56}
	EndGlobalSection
EndGlobal
