
Microsoft Visual Studio Solution File, Format Version 12.00
# Visual Studio Version 17
VisualStudioVersion = 17.11.35222.181
MinimumVisualStudioVersion = 10.0.40219.1
Project("{FAE04EC0-301F-11D3-BF4B-00C04F79EFBC}") = "Assessment6A", "Assessment6A\Assessment6A.csproj", "{F2B4EDED-9E9F-45D5-AE36-172BF9083718}"
EndProject
Global
	GlobalSection(SolutionConfigurationPlatforms) = preSolution
		Debug|Any CPU = Debug|Any CPU
		Release|Any CPU = Release|Any CPU
	EndGlobalSection
	GlobalSection(ProjectConfigurationPlatforms) = postSolution
		{F2B4EDED-9E9F-45D5-AE36-172BF9083718}.Debug|Any CPU.ActiveCfg = Debug|Any CPU
		{F2B4EDED-9E9F-45D5-AE36-172BF9083718}.Debug|Any CPU.Build.0 = Debug|Any CPU
		{F2B4EDED-9E9F-45D5-AE36-172BF9083718}.Release|Any CPU.ActiveCfg = Release|Any CPU
		{F2B4EDED-9E9F-45D5-AE36-172BF9083718}.Release|Any CPU.Build.0 = Release|Any CPU
	EndGlobalSection
	GlobalSection(SolutionProperties) = preSolution
		HideSolutionNode = FALSE
	EndGlobalSection
	GlobalSection(ExtensibilityGlobals) = postSolution
		SolutionGuid = {AC30148D-A297-4DA7-B00C-72D64128CB05}
	EndGlobalSection
EndGlobal
