
Microsoft Visual Studio Solution File, Format Version 12.00
# Visual Studio Version 17
VisualStudioVersion = 17.11.35222.181
MinimumVisualStudioVersion = 10.0.40219.1
Project("{FAE04EC0-301F-11D3-BF4B-00C04F79EFBC}") = "Assessment13", "Assessment13\Assessment13.csproj", "{B27AE37E-8974-4C47-98CF-73B5271A0E31}"
EndProject
Global
	GlobalSection(SolutionConfigurationPlatforms) = preSolution
		Debug|Any CPU = Debug|Any CPU
		Release|Any CPU = Release|Any CPU
	EndGlobalSection
	GlobalSection(ProjectConfigurationPlatforms) = postSolution
		{B27AE37E-8974-4C47-98CF-73B5271A0E31}.Debug|Any CPU.ActiveCfg = Debug|Any CPU
		{B27AE37E-8974-4C47-98CF-73B5271A0E31}.Debug|Any CPU.Build.0 = Debug|Any CPU
		{B27AE37E-8974-4C47-98CF-73B5271A0E31}.Release|Any CPU.ActiveCfg = Release|Any CPU
		{B27AE37E-8974-4C47-98CF-73B5271A0E31}.Release|Any CPU.Build.0 = Release|Any CPU
	EndGlobalSection
	GlobalSection(SolutionProperties) = preSolution
		HideSolutionNode = FALSE
	EndGlobalSection
	GlobalSection(ExtensibilityGlobals) = postSolution
		SolutionGuid = {00A45D18-91A9-44E6-BBC3-DD5A41A15947}
	EndGlobalSection
EndGlobal
