
Microsoft Visual Studio Solution File, Format Version 12.00
# Visual Studio Version 17
VisualStudioVersion = 17.11.35219.272
MinimumVisualStudioVersion = 10.0.40219.1
Project("{FAE04EC0-301F-11D3-BF4B-00C04F79EFBC}") = "FunnyJoke", "FunnyJoke\FunnyJoke.csproj", "{5747A278-8E30-4872-A7C0-6ABF5DE00873}"
EndProject
Global
	GlobalSection(SolutionConfigurationPlatforms) = preSolution
		Debug|Any CPU = Debug|Any CPU
		Release|Any CPU = Release|Any CPU
	EndGlobalSection
	GlobalSection(ProjectConfigurationPlatforms) = postSolution
		{5747A278-8E30-4872-A7C0-6ABF5DE00873}.Debug|Any CPU.ActiveCfg = Debug|Any CPU
		{5747A278-8E30-4872-A7C0-6ABF5DE00873}.Debug|Any CPU.Build.0 = Debug|Any CPU
		{5747A278-8E30-4872-A7C0-6ABF5DE00873}.Release|Any CPU.ActiveCfg = Release|Any CPU
		{5747A278-8E30-4872-A7C0-6ABF5DE00873}.Release|Any CPU.Build.0 = Release|Any CPU
	EndGlobalSection
	GlobalSection(SolutionProperties) = preSolution
		HideSolutionNode = FALSE
	EndGlobalSection
	GlobalSection(ExtensibilityGlobals) = postSolution
		SolutionGuid = {714BD01E-ED12-4471-AFD9-7BE6548EC7F1}
	EndGlobalSection
EndGlobal
